PODS:
  - Cache (6.0.0)
  - Charts (4.1.0):
    - Charts/Core (= 4.1.0)
  - Charts/Core (4.1.0):
    - SwiftAlgorithms (~> 1.0)
  - CoreGPX (0.9.0)
  - CoreStore (9.0.0)
  - SnapKit (5.6.0)
  - SwiftAlgorithms (1.0.0)

DEPENDENCIES:
  - Cache
  - Charts
  - CoreGPX
  - CoreStore
  - SnapKit

SPEC REPOS:
  trunk:
    - Cache
    - Charts
    - CoreGPX
    - CoreStore
    - SnapKit
    - SwiftAlgorithms

SPEC CHECKSUMS:
  Cache: 4ca7e00363fca5455f26534e5607634c820ffc2d
  Charts: 354f86803d11d9c35de280587fef50d1af063978
  CoreGPX: 1381c8c47428c3a6bcac2f93d25ca1c5e3525811
  CoreStore: 1b820cd4d929750343479fd72585283a870973f4
  SnapKit: e01d52ebb8ddbc333eefe2132acf85c8227d9c25
  SwiftAlgorithms: 38dda4731d19027fdeee1125f973111bf3386b53

PODFILE CHECKSUM: ff4a9a29e8192c91083825c36fb11aa9b5d1a1b2

COCOAPODS: 1.11.3
